
Microsoft Visual Studio Solution File, Format Version 12.00
# Visual Studio 15
VisualStudioVersion = 15.0.26124.0
MinimumVisualStudioVersion = 15.0.26124.0
Project("{FAE04EC0-301F-11D3-BF4B-00C04F79EFBC}") = "SolarCoffee.Data", "SolarCoffee.Data\SolarCoffee.Data.csproj", "{59C3DAF9-5673-4875-9267-CD23E5962CF8}"
EndProject
Project("{FAE04EC0-301F-11D3-BF4B-00C04F79EFBC}") = "SolarCoffee.Web", "SolarCoffee.Web\SolarCoffee.Web.csproj", "{B0E26B64-DD5F-43D6-90CF-1A45EC090EF8}"
EndProject
Project("{FAE04EC0-301F-11D3-BF4B-00C04F79EFBC}") = "SolarCoffee.Services", "SolarCoffee.Services\SolarCoffee.Services.csproj", "{D6C1B5BE-E137-4788-914D-74CB12767024}"
EndProject
Project("{FAE04EC0-301F-11D3-BF4B-00C04F79EFBC}") = "SolarCoffee.Test", "SolarCoffee.Test\SolarCoffee.Test.csproj", "{9E0C3D71-5254-4290-9E1A-EF1EF6C59A1A}"
EndProject
Global
	GlobalSection(SolutionConfigurationPlatforms) = preSolution
		Debug|Any CPU = Debug|Any CPU
		Debug|x64 = Debug|x64
		Debug|x86 = Debug|x86
		Release|Any CPU = Release|Any CPU
		Release|x64 = Release|x64
		Release|x86 = Release|x86
	EndGlobalSection
	GlobalSection(SolutionProperties) = preSolution
		HideSolutionNode = FALSE
	EndGlobalSection
	GlobalSection(ProjectConfigurationPlatforms) = postSolution
		{59C3DAF9-5673-4875-9267-CD23E5962CF8}.Debug|Any CPU.ActiveCfg = Debug|Any CPU
		{59C3DAF9-5673-4875-9267-CD23E5962CF8}.Debug|Any CPU.Build.0 = Debug|Any CPU
		{59C3DAF9-5673-4875-9267-CD23E5962CF8}.Debug|x64.ActiveCfg = Debug|Any CPU
		{59C3DAF9-5673-4875-9267-CD23E5962CF8}.Debug|x64.Build.0 = Debug|Any CPU
		{59C3DAF9-5673-4875-9267-CD23E5962CF8}.Debug|x86.ActiveCfg = Debug|Any CPU
		{59C3DAF9-5673-4875-9267-CD23E5962CF8}.Debug|x86.Build.0 = Debug|Any CPU
		{59C3DAF9-5673-4875-9267-CD23E5962CF8}.Release|Any CPU.ActiveCfg = Release|Any CPU
		{59C3DAF9-5673-4875-9267-CD23E5962CF8}.Release|Any CPU.Build.0 = Release|Any CPU
		{59C3DAF9-5673-4875-9267-CD23E5962CF8}.Release|x64.ActiveCfg = Release|Any CPU
		{59C3DAF9-5673-4875-9267-CD23E5962CF8}.Release|x64.Build.0 = Release|Any CPU
		{59C3DAF9-5673-4875-9267-CD23E5962CF8}.Release|x86.ActiveCfg = Release|Any CPU
		{59C3DAF9-5673-4875-9267-CD23E5962CF8}.Release|x86.Build.0 = Release|Any CPU
		{B0E26B64-DD5F-43D6-90CF-1A45EC090EF8}.Debug|Any CPU.ActiveCfg = Debug|Any CPU
		{B0E26B64-DD5F-43D6-90CF-1A45EC090EF8}.Debug|Any CPU.Build.0 = Debug|Any CPU
		{B0E26B64-DD5F-43D6-90CF-1A45EC090EF8}.Debug|x64.ActiveCfg = Debug|Any CPU
		{B0E26B64-DD5F-43D6-90CF-1A45EC090EF8}.Debug|x64.Build.0 = Debug|Any CPU
		{B0E26B64-DD5F-43D6-90CF-1A45EC090EF8}.Debug|x86.ActiveCfg = Debug|Any CPU
		{B0E26B64-DD5F-43D6-90CF-1A45EC090EF8}.Debug|x86.Build.0 = Debug|Any CPU
		{B0E26B64-DD5F-43D6-90CF-1A45EC090EF8}.Release|Any CPU.ActiveCfg = Release|Any CPU
		{B0E26B64-DD5F-43D6-90CF-1A45EC090EF8}.Release|Any CPU.Build.0 = Release|Any CPU
		{B0E26B64-DD5F-43D6-90CF-1A45EC090EF8}.Release|x64.ActiveCfg = Release|Any CPU
		{B0E26B64-DD5F-43D6-90CF-1A45EC090EF8}.Release|x64.Build.0 = Release|Any CPU
		{B0E26B64-DD5F-43D6-90CF-1A45EC090EF8}.Release|x86.ActiveCfg = Release|Any CPU
		{B0E26B64-DD5F-43D6-90CF-1A45EC090EF8}.Release|x86.Build.0 = Release|Any CPU
		{D6C1B5BE-E137-4788-914D-74CB12767024}.Debug|Any CPU.ActiveCfg = Debug|Any CPU
		{D6C1B5BE-E137-4788-914D-74CB12767024}.Debug|Any CPU.Build.0 = Debug|Any CPU
		{D6C1B5BE-E137-4788-914D-74CB12767024}.Debug|x64.ActiveCfg = Debug|Any CPU
		{D6C1B5BE-E137-4788-914D-74CB12767024}.Debug|x64.Build.0 = Debug|Any CPU
		{D6C1B5BE-E137-4788-914D-74CB12767024}.Debug|x86.ActiveCfg = Debug|Any CPU
		{D6C1B5BE-E137-4788-914D-74CB12767024}.Debug|x86.Build.0 = Debug|Any CPU
		{D6C1B5BE-E137-4788-914D-74CB12767024}.Release|Any CPU.ActiveCfg = Release|Any CPU
		{D6C1B5BE-E137-4788-914D-74CB12767024}.Release|Any CPU.Build.0 = Release|Any CPU
		{D6C1B5BE-E137-4788-914D-74CB12767024}.Release|x64.ActiveCfg = Release|Any CPU
		{D6C1B5BE-E137-4788-914D-74CB12767024}.Release|x64.Build.0 = Release|Any CPU
		{D6C1B5BE-E137-4788-914D-74CB12767024}.Release|x86.ActiveCfg = Release|Any CPU
		{D6C1B5BE-E137-4788-914D-74CB12767024}.Release|x86.Build.0 = Release|Any CPU
		{9E0C3D71-5254-4290-9E1A-EF1EF6C59A1A}.Debug|Any CPU.ActiveCfg = Debug|Any CPU
		{9E0C3D71-5254-4290-9E1A-EF1EF6C59A1A}.Debug|Any CPU.Build.0 = Debug|Any CPU
		{9E0C3D71-5254-4290-9E1A-EF1EF6C59A1A}.Debug|x64.ActiveCfg = Debug|Any CPU
		{9E0C3D71-5254-4290-9E1A-EF1EF6C59A1A}.Debug|x64.Build.0 = Debug|Any CPU
		{9E0C3D71-5254-4290-9E1A-EF1EF6C59A1A}.Debug|x86.ActiveCfg = Debug|Any CPU
		{9E0C3D71-5254-4290-9E1A-EF1EF6C59A1A}.Debug|x86.Build.0 = Debug|Any CPU
		{9E0C3D71-5254-4290-9E1A-EF1EF6C59A1A}.Release|Any CPU.ActiveCfg = Release|Any CPU
		{9E0C3D71-5254-4290-9E1A-EF1EF6C59A1A}.Release|Any CPU.Build.0 = Release|Any CPU
		{9E0C3D71-5254-4290-9E1A-EF1EF6C59A1A}.Release|x64.ActiveCfg = Release|Any CPU
		{9E0C3D71-5254-4290-9E1A-EF1EF6C59A1A}.Release|x64.Build.0 = Release|Any CPU
		{9E0C3D71-5254-4290-9E1A-EF1EF6C59A1A}.Release|x86.ActiveCfg = Release|Any CPU
		{9E0C3D71-5254-4290-9E1A-EF1EF6C59A1A}.Release|x86.Build.0 = Release|Any CPU
	EndGlobalSection
EndGlobal
